
Microsoft Visual Studio Solution File, Format Version 12.00
# Visual Studio Version 16
VisualStudioVersion = 16.0.30114.105
MinimumVisualStudioVersion = 10.0.40219.1
Project("{FAE04EC0-301F-11D3-BF4B-00C04F79EFBC}") = "PrimeService", "PrimeService\PrimeService.csproj", "{B5CF94DF-B3DC-4E65-A435-4932F4B1B8A7}"
EndProject
Project("{FAE04EC0-301F-11D3-BF4B-00C04F79EFBC}") = "PrimeService.Tests", "PrimeService.Tests\PrimeService.Tests.csproj", "{7854E3EC-CA2F-4010-9834-F22BFD26D08B}"
EndProject
Global
	GlobalSection(SolutionConfigurationPlatforms) = preSolution
		Debug|Any CPU = Debug|Any CPU
		Release|Any CPU = Release|Any CPU
	EndGlobalSection
	GlobalSection(SolutionProperties) = preSolution
		HideSolutionNode = FALSE
	EndGlobalSection
	GlobalSection(ProjectConfigurationPlatforms) = postSolution
		{B5CF94DF-B3DC-4E65-A435-4932F4B1B8A7}.Debug|Any CPU.ActiveCfg = Debug|Any CPU
		{B5CF94DF-B3DC-4E65-A435-4932F4B1B8A7}.Debug|Any CPU.Build.0 = Debug|Any CPU
		{B5CF94DF-B3DC-4E65-A435-4932F4B1B8A7}.Release|Any CPU.ActiveCfg = Release|Any CPU
		{B5CF94DF-B3DC-4E65-A435-4932F4B1B8A7}.Release|Any CPU.Build.0 = Release|Any CPU
		{7854E3EC-CA2F-4010-9834-F22BFD26D08B}.Debug|Any CPU.ActiveCfg = Debug|Any CPU
		{7854E3EC-CA2F-4010-9834-F22BFD26D08B}.Debug|Any CPU.Build.0 = Debug|Any CPU
		{7854E3EC-CA2F-4010-9834-F22BFD26D08B}.Release|Any CPU.ActiveCfg = Release|Any CPU
		{7854E3EC-CA2F-4010-9834-F22BFD26D08B}.Release|Any CPU.Build.0 = Release|Any CPU
	EndGlobalSection
EndGlobal
